
Microsoft Visual Studio Solution File, Format Version 12.00
# Visual Studio 2012
Project("{FAE04EC0-301F-11D3-BF4B-00C04F79EFBC}") = "例2.6", "例2.6\例2.6.csproj", "{A1F38E47-D9E5-4F64-9E3C-9D426A3F324F}"
EndProject
Global
	GlobalSection(SolutionConfigurationPlatforms) = preSolution
		Debug|Any CPU = Debug|Any CPU
		Release|Any CPU = Release|Any CPU
	EndGlobalSection
	GlobalSection(ProjectConfigurationPlatforms) = postSolution
		{A1F38E47-D9E5-4F64-9E3C-9D426A3F324F}.Debug|Any CPU.ActiveCfg = Debug|Any CPU
		{A1F38E47-D9E5-4F64-9E3C-9D426A3F324F}.Debug|Any CPU.Build.0 = Debug|Any CPU
		{A1F38E47-D9E5-4F64-9E3C-9D426A3F324F}.Release|Any CPU.ActiveCfg = Release|Any CPU
		{A1F38E47-D9E5-4F64-9E3C-9D426A3F324F}.Release|Any CPU.Build.0 = Release|Any CPU
	EndGlobalSection
	GlobalSection(SolutionProperties) = preSolution
		HideSolutionNode = FALSE
	EndGlobalSection
EndGlobal
