
Microsoft Visual Studio Solution File, Format Version 12.00
# Visual Studio 2012
Project("{FAE04EC0-301F-11D3-BF4B-00C04F79EFBC}") = "例5.12", "例5.12\例5.12.csproj", "{FDCC2E3E-721E-43A2-86CD-9DB7A1F083F0}"
EndProject
Global
	GlobalSection(SolutionConfigurationPlatforms) = preSolution
		Debug|Any CPU = Debug|Any CPU
		Release|Any CPU = Release|Any CPU
	EndGlobalSection
	GlobalSection(ProjectConfigurationPlatforms) = postSolution
		{FDCC2E3E-721E-43A2-86CD-9DB7A1F083F0}.Debug|Any CPU.ActiveCfg = Debug|Any CPU
		{FDCC2E3E-721E-43A2-86CD-9DB7A1F083F0}.Debug|Any CPU.Build.0 = Debug|Any CPU
		{FDCC2E3E-721E-43A2-86CD-9DB7A1F083F0}.Release|Any CPU.ActiveCfg = Release|Any CPU
		{FDCC2E3E-721E-43A2-86CD-9DB7A1F083F0}.Release|Any CPU.Build.0 = Release|Any CPU
	EndGlobalSection
	GlobalSection(SolutionProperties) = preSolution
		HideSolutionNode = FALSE
	EndGlobalSection
EndGlobal
