
Microsoft Visual Studio Solution File, Format Version 12.00
# Visual Studio 2012
Project("{FAE04EC0-301F-11D3-BF4B-00C04F79EFBC}") = "任务6.3", "任务6.3\任务6.3.csproj", "{7DC3ABB8-FE97-48AA-B151-4A54F5C5CB4D}"
EndProject
Global
	GlobalSection(SolutionConfigurationPlatforms) = preSolution
		Debug|Any CPU = Debug|Any CPU
		Release|Any CPU = Release|Any CPU
	EndGlobalSection
	GlobalSection(ProjectConfigurationPlatforms) = postSolution
		{7DC3ABB8-FE97-48AA-B151-4A54F5C5CB4D}.Debug|Any CPU.ActiveCfg = Debug|Any CPU
		{7DC3ABB8-FE97-48AA-B151-4A54F5C5CB4D}.Debug|Any CPU.Build.0 = Debug|Any CPU
		{7DC3ABB8-FE97-48AA-B151-4A54F5C5CB4D}.Release|Any CPU.ActiveCfg = Release|Any CPU
		{7DC3ABB8-FE97-48AA-B151-4A54F5C5CB4D}.Release|Any CPU.Build.0 = Release|Any CPU
	EndGlobalSection
	GlobalSection(SolutionProperties) = preSolution
		HideSolutionNode = FALSE
	EndGlobalSection
EndGlobal
