
Microsoft Visual Studio Solution File, Format Version 12.00
# Visual Studio 2012
Project("{FAE04EC0-301F-11D3-BF4B-00C04F79EFBC}") = "例5.9", "例5.9\例5.9.csproj", "{CC03F2D4-0879-4853-8CD6-AA3D67C8881F}"
EndProject
Global
	GlobalSection(SolutionConfigurationPlatforms) = preSolution
		Debug|Any CPU = Debug|Any CPU
		Release|Any CPU = Release|Any CPU
	EndGlobalSection
	GlobalSection(ProjectConfigurationPlatforms) = postSolution
		{CC03F2D4-0879-4853-8CD6-AA3D67C8881F}.Debug|Any CPU.ActiveCfg = Debug|Any CPU
		{CC03F2D4-0879-4853-8CD6-AA3D67C8881F}.Debug|Any CPU.Build.0 = Debug|Any CPU
		{CC03F2D4-0879-4853-8CD6-AA3D67C8881F}.Release|Any CPU.ActiveCfg = Release|Any CPU
		{CC03F2D4-0879-4853-8CD6-AA3D67C8881F}.Release|Any CPU.Build.0 = Release|Any CPU
	EndGlobalSection
	GlobalSection(SolutionProperties) = preSolution
		HideSolutionNode = FALSE
	EndGlobalSection
EndGlobal
