
Microsoft Visual Studio Solution File, Format Version 12.00
# Visual Studio 2012
Project("{FAE04EC0-301F-11D3-BF4B-00C04F79EFBC}") = "例4.6", "例4.6\例4.6.csproj", "{38E024AD-405D-4C96-BA3F-4EC3389D91EA}"
EndProject
Global
	GlobalSection(SolutionConfigurationPlatforms) = preSolution
		Debug|Any CPU = Debug|Any CPU
		Release|Any CPU = Release|Any CPU
	EndGlobalSection
	GlobalSection(ProjectConfigurationPlatforms) = postSolution
		{38E024AD-405D-4C96-BA3F-4EC3389D91EA}.Debug|Any CPU.ActiveCfg = Debug|Any CPU
		{38E024AD-405D-4C96-BA3F-4EC3389D91EA}.Debug|Any CPU.Build.0 = Debug|Any CPU
		{38E024AD-405D-4C96-BA3F-4EC3389D91EA}.Release|Any CPU.ActiveCfg = Release|Any CPU
		{38E024AD-405D-4C96-BA3F-4EC3389D91EA}.Release|Any CPU.Build.0 = Release|Any CPU
	EndGlobalSection
	GlobalSection(SolutionProperties) = preSolution
		HideSolutionNode = FALSE
	EndGlobalSection
EndGlobal
