
Microsoft Visual Studio Solution File, Format Version 12.00
# Visual Studio 2012
Project("{FAE04EC0-301F-11D3-BF4B-00C04F79EFBC}") = "例5.3", "例5.3\例5.3.csproj", "{D9599248-77A5-4378-BD36-FF290B8B11FE}"
EndProject
Global
	GlobalSection(SolutionConfigurationPlatforms) = preSolution
		Debug|Any CPU = Debug|Any CPU
		Release|Any CPU = Release|Any CPU
	EndGlobalSection
	GlobalSection(ProjectConfigurationPlatforms) = postSolution
		{D9599248-77A5-4378-BD36-FF290B8B11FE}.Debug|Any CPU.ActiveCfg = Debug|Any CPU
		{D9599248-77A5-4378-BD36-FF290B8B11FE}.Debug|Any CPU.Build.0 = Debug|Any CPU
		{D9599248-77A5-4378-BD36-FF290B8B11FE}.Release|Any CPU.ActiveCfg = Release|Any CPU
		{D9599248-77A5-4378-BD36-FF290B8B11FE}.Release|Any CPU.Build.0 = Release|Any CPU
	EndGlobalSection
	GlobalSection(SolutionProperties) = preSolution
		HideSolutionNode = FALSE
	EndGlobalSection
EndGlobal
