
Microsoft Visual Studio Solution File, Format Version 12.00
# Visual Studio 2012
Project("{FAE04EC0-301F-11D3-BF4B-00C04F79EFBC}") = "任务3.2", "任务3.2\任务3.2.csproj", "{443D291D-100E-49AE-A7F1-E9767F83B166}"
EndProject
Global
	GlobalSection(SolutionConfigurationPlatforms) = preSolution
		Debug|Any CPU = Debug|Any CPU
		Release|Any CPU = Release|Any CPU
	EndGlobalSection
	GlobalSection(ProjectConfigurationPlatforms) = postSolution
		{443D291D-100E-49AE-A7F1-E9767F83B166}.Debug|Any CPU.ActiveCfg = Debug|Any CPU
		{443D291D-100E-49AE-A7F1-E9767F83B166}.Debug|Any CPU.Build.0 = Debug|Any CPU
		{443D291D-100E-49AE-A7F1-E9767F83B166}.Release|Any CPU.ActiveCfg = Release|Any CPU
		{443D291D-100E-49AE-A7F1-E9767F83B166}.Release|Any CPU.Build.0 = Release|Any CPU
	EndGlobalSection
	GlobalSection(SolutionProperties) = preSolution
		HideSolutionNode = FALSE
	EndGlobalSection
EndGlobal
