
Microsoft Visual Studio Solution File, Format Version 12.00
# Visual Studio 2012
Project("{FAE04EC0-301F-11D3-BF4B-00C04F79EFBC}") = "例2.3", "例2.3\例2.3.csproj", "{46E949A3-59FB-4B14-8DEC-1B1C723B8160}"
EndProject
Global
	GlobalSection(SolutionConfigurationPlatforms) = preSolution
		Debug|Any CPU = Debug|Any CPU
		Release|Any CPU = Release|Any CPU
	EndGlobalSection
	GlobalSection(ProjectConfigurationPlatforms) = postSolution
		{46E949A3-59FB-4B14-8DEC-1B1C723B8160}.Debug|Any CPU.ActiveCfg = Debug|Any CPU
		{46E949A3-59FB-4B14-8DEC-1B1C723B8160}.Debug|Any CPU.Build.0 = Debug|Any CPU
		{46E949A3-59FB-4B14-8DEC-1B1C723B8160}.Release|Any CPU.ActiveCfg = Release|Any CPU
		{46E949A3-59FB-4B14-8DEC-1B1C723B8160}.Release|Any CPU.Build.0 = Release|Any CPU
	EndGlobalSection
	GlobalSection(SolutionProperties) = preSolution
		HideSolutionNode = FALSE
	EndGlobalSection
EndGlobal
