
Microsoft Visual Studio Solution File, Format Version 12.00
# Visual Studio 2012
Project("{FAE04EC0-301F-11D3-BF4B-00C04F79EFBC}") = "例6.10", "例6.10\例6.10.csproj", "{1FBD4335-FBFF-4A1D-A523-7A73688742CA}"
EndProject
Global
	GlobalSection(SolutionConfigurationPlatforms) = preSolution
		Debug|Any CPU = Debug|Any CPU
		Release|Any CPU = Release|Any CPU
	EndGlobalSection
	GlobalSection(ProjectConfigurationPlatforms) = postSolution
		{1FBD4335-FBFF-4A1D-A523-7A73688742CA}.Debug|Any CPU.ActiveCfg = Debug|Any CPU
		{1FBD4335-FBFF-4A1D-A523-7A73688742CA}.Debug|Any CPU.Build.0 = Debug|Any CPU
		{1FBD4335-FBFF-4A1D-A523-7A73688742CA}.Release|Any CPU.ActiveCfg = Release|Any CPU
		{1FBD4335-FBFF-4A1D-A523-7A73688742CA}.Release|Any CPU.Build.0 = Release|Any CPU
	EndGlobalSection
	GlobalSection(SolutionProperties) = preSolution
		HideSolutionNode = FALSE
	EndGlobalSection
EndGlobal
