
Microsoft Visual Studio Solution File, Format Version 12.00
# Visual Studio 2012
Project("{FAE04EC0-301F-11D3-BF4B-00C04F79EFBC}") = "例2.5", "例2.5\例2.5.csproj", "{3773ED85-D872-44C1-90A2-6DB605CC2368}"
EndProject
Global
	GlobalSection(SolutionConfigurationPlatforms) = preSolution
		Debug|Any CPU = Debug|Any CPU
		Release|Any CPU = Release|Any CPU
	EndGlobalSection
	GlobalSection(ProjectConfigurationPlatforms) = postSolution
		{3773ED85-D872-44C1-90A2-6DB605CC2368}.Debug|Any CPU.ActiveCfg = Debug|Any CPU
		{3773ED85-D872-44C1-90A2-6DB605CC2368}.Debug|Any CPU.Build.0 = Debug|Any CPU
		{3773ED85-D872-44C1-90A2-6DB605CC2368}.Release|Any CPU.ActiveCfg = Release|Any CPU
		{3773ED85-D872-44C1-90A2-6DB605CC2368}.Release|Any CPU.Build.0 = Release|Any CPU
	EndGlobalSection
	GlobalSection(SolutionProperties) = preSolution
		HideSolutionNode = FALSE
	EndGlobalSection
EndGlobal
