
Microsoft Visual Studio Solution File, Format Version 12.00
# Visual Studio 2012
Project("{FAE04EC0-301F-11D3-BF4B-00C04F79EFBC}") = "例3.8", "例3.8\例3.8.csproj", "{C7B88F5A-2565-4384-9E6F-3B9529BF0531}"
EndProject
Global
	GlobalSection(SolutionConfigurationPlatforms) = preSolution
		Debug|Any CPU = Debug|Any CPU
		Release|Any CPU = Release|Any CPU
	EndGlobalSection
	GlobalSection(ProjectConfigurationPlatforms) = postSolution
		{C7B88F5A-2565-4384-9E6F-3B9529BF0531}.Debug|Any CPU.ActiveCfg = Debug|Any CPU
		{C7B88F5A-2565-4384-9E6F-3B9529BF0531}.Debug|Any CPU.Build.0 = Debug|Any CPU
		{C7B88F5A-2565-4384-9E6F-3B9529BF0531}.Release|Any CPU.ActiveCfg = Release|Any CPU
		{C7B88F5A-2565-4384-9E6F-3B9529BF0531}.Release|Any CPU.Build.0 = Release|Any CPU
	EndGlobalSection
	GlobalSection(SolutionProperties) = preSolution
		HideSolutionNode = FALSE
	EndGlobalSection
EndGlobal
