
Microsoft Visual Studio Solution File, Format Version 12.00
# Visual Studio 2012
Project("{FAE04EC0-301F-11D3-BF4B-00C04F79EFBC}") = "例5.18", "例5.18\例5.18.csproj", "{ED83FE3C-813B-4CA8-831E-B0C396C06593}"
EndProject
Global
	GlobalSection(SolutionConfigurationPlatforms) = preSolution
		Debug|Any CPU = Debug|Any CPU
		Release|Any CPU = Release|Any CPU
	EndGlobalSection
	GlobalSection(ProjectConfigurationPlatforms) = postSolution
		{ED83FE3C-813B-4CA8-831E-B0C396C06593}.Debug|Any CPU.ActiveCfg = Debug|Any CPU
		{ED83FE3C-813B-4CA8-831E-B0C396C06593}.Debug|Any CPU.Build.0 = Debug|Any CPU
		{ED83FE3C-813B-4CA8-831E-B0C396C06593}.Release|Any CPU.ActiveCfg = Release|Any CPU
		{ED83FE3C-813B-4CA8-831E-B0C396C06593}.Release|Any CPU.Build.0 = Release|Any CPU
	EndGlobalSection
	GlobalSection(SolutionProperties) = preSolution
		HideSolutionNode = FALSE
	EndGlobalSection
EndGlobal
